
Microsoft Visual Studio Solution File, Format Version 12.00
# Visual Studio 2015
Project("{FAE04EC0-301F-11D3-BF4B-00C04F79EFBC}") = "Wielka Improwizacja.CSharp", "Wielka Improwizacja.CSharp.csproj", "{70D2F6BC-C627-F709-94C2-FFA9D078D111}"
EndProject
Project("{FAE04EC0-301F-11D3-BF4B-00C04F79EFBC}") = "Wielka Improwizacja.CSharp.Editor", "Wielka Improwizacja.CSharp.Editor.csproj", "{C0E154D1-C820-8A16-C8DE-737D12600816}"
EndProject
Global
	GlobalSection(SolutionConfigurationPlatforms) = preSolution
		Debug|Any CPU = Debug|Any CPU
		Release|Any CPU = Release|Any CPU
	EndGlobalSection
	GlobalSection(ProjectConfigurationPlatforms) = postSolution
		{70D2F6BC-C627-F709-94C2-FFA9D078D111}.Debug|Any CPU.ActiveCfg = Debug|Any CPU
		{70D2F6BC-C627-F709-94C2-FFA9D078D111}.Debug|Any CPU.Build.0 = Debug|Any CPU
		{70D2F6BC-C627-F709-94C2-FFA9D078D111}.Release|Any CPU.ActiveCfg = Release|Any CPU
		{70D2F6BC-C627-F709-94C2-FFA9D078D111}.Release|Any CPU.Build.0 = Release|Any CPU
		{C0E154D1-C820-8A16-C8DE-737D12600816}.Debug|Any CPU.ActiveCfg = Debug|Any CPU
		{C0E154D1-C820-8A16-C8DE-737D12600816}.Debug|Any CPU.Build.0 = Debug|Any CPU
		{C0E154D1-C820-8A16-C8DE-737D12600816}.Release|Any CPU.ActiveCfg = Release|Any CPU
		{C0E154D1-C820-8A16-C8DE-737D12600816}.Release|Any CPU.Build.0 = Release|Any CPU
	EndGlobalSection
	GlobalSection(SolutionProperties) = preSolution
		HideSolutionNode = FALSE
	EndGlobalSection
EndGlobal
